# Frozen from the validated Linux ARM64 / Python 3.14 pilot image on 2026-10-06.
# Version constraints only; the final registry image digest remains the artifact pin.
aiohappyeyeballs==2.7.1
aiohttp==3.14.3
aiosignal==1.4.0
annotated-doc==0.0.5
annotated-types==0.8.0
anyio==4.15.1
attrs==26.1.0
bcrypt==5.0.0
build==1.6.1
certifi==2026.7.22
charset-normalizer==3.5.2
chromadb==1.5.7
click==8.5.0
durationpy==0.11
fastapi==0.118.3
filelock==4.0.7
flatbuffers==25.12.19
frozenlist==1.8.0
fsspec==2026.9.0
googleapis-common-protos==1.75.5
grpcio==1.84.0
h11==0.16.0
hf-xet==1.6.0
httpcore==1.0.9
httptools==0.8.0
httpx==0.28.1
huggingface_hub==1.33.0
idna==3.20
importlib_resources==7.1.0
jsonschema==4.26.0
jsonschema-specifications==2025.9.1
kubernetes==36.0.3
markdown-it-py==4.2.0
mdurl==0.1.2
mmh3==5.3.0
multidict==6.9.1
numpy==2.5.3
oauthlib==4.0.0
onnxruntime==1.30.0
opentelemetry-api==1.45.0
opentelemetry-exporter-otlp-common==0.66b0
opentelemetry-exporter-otlp-proto-common==1.45.0
opentelemetry-exporter-otlp-proto-grpc==1.45.0
opentelemetry-proto==1.45.0
opentelemetry-sdk==1.45.0
opentelemetry-semantic-conventions==0.66b0
orjson==3.12.0
overrides==7.7.0
packaging==26.3
propcache==0.5.4
protobuf==7.36.2
psycopg==3.2.13
psycopg-binary==3.2.13
pybase64==1.5.0
pydantic==2.13.5
pydantic-settings==2.8.1
pydantic_core==2.46.5
Pygments==2.21.0
PyPika==0.51.1
pyproject_hooks==1.3.3
python-dateutil==2.9.0.post0
python-dotenv==1.2.3
PyYAML==6.0.3
referencing==0.37.0
requests==2.34.2
requests-oauthlib==2.0.0
rich==15.0.0
rpds-py==2026.6.3
shellingham==1.5.4
six==1.17.0
starlette==0.48.0
tenacity==9.1.4
tokenizers==0.23.2
tqdm==4.70.1
typer==0.27.2
typing-inspection==0.4.4
typing_extensions==4.16.0
urllib3==2.8.0
uvicorn==0.34.0
uvloop==0.22.1
watchfiles==1.3.0
websocket-client==1.9.2
websockets==17.1
yarl==1.25.1
